
Microsoft Visual Studio Solution File, Format Version 12.00
# Visual Studio Version 16
VisualStudioVersion = 16.0.32106.194
MinimumVisualStudioVersion = 10.0.40219.1
Project("{FAE04EC0-301F-11D3-BF4B-00C04F79EFBC}") = "Project1", "Project1\Project1.csproj", "{E871A690-46BE-423F-89E7-F09D744993A7}"
EndProject
Global
	GlobalSection(SolutionConfigurationPlatforms) = preSolution
		Debug|Any CPU = Debug|Any CPU
		Release|Any CPU = Release|Any CPU
	EndGlobalSection
	GlobalSection(ProjectConfigurationPlatforms) = postSolution
		{E871A690-46BE-423F-89E7-F09D744993A7}.Debug|Any CPU.ActiveCfg = Debug|Any CPU
		{E871A690-46BE-423F-89E7-F09D744993A7}.Debug|Any CPU.Build.0 = Debug|Any CPU
		{E871A690-46BE-423F-89E7-F09D744993A7}.Release|Any CPU.ActiveCfg = Release|Any CPU
		{E871A690-46BE-423F-89E7-F09D744993A7}.Release|Any CPU.Build.0 = Release|Any CPU
	EndGlobalSection
	GlobalSection(SolutionProperties) = preSolution
		HideSolutionNode = FALSE
	EndGlobalSection
	GlobalSection(ExtensibilityGlobals) = postSolution
		SolutionGuid = {BB76253E-E598-4A66-9C78-A7FAD488EA3C}
	EndGlobalSection
EndGlobal
